PODS:
  - Alamofire (5.2.0)
  - FRadioPlayer (0.1.20)
  - OneSignal (2.13.1)

DEPENDENCIES:
  - Alamofire (~> 5.2)
  - FRadioPlayer
  - OneSignal (< 3.0, >= 2.11.2)

SPEC REPOS:
  trunk:
    - Alamofire
    - FRadioPlayer
    - OneSignal

SPEC CHECKSUMS:
  Alamofire: c1ca147559e730bfb2182c8c7aafbdd90a867987
  FRadioPlayer: 5c35ba963b69663a4f7d34405c09847d7aebbfcc
  OneSignal: fa98eaa90372bb367b6a4a1c1622ffb9832c7600

PODFILE CHECKSUM: 144c361392da36cd22932909d20c93f5a04d2bcc

COCOAPODS: 1.9.1
