// !$*UTF8*$!
{
	archiveVersion = 1;
	classes = {
	};
	objectVersion = 52;
	objects = {

/* Begin PBXBuildFile section */
		B209E56C2469CF3C003C8672 /* Track.swift in Sources */ = {isa = PBXBuildFile; fileRef = B209E56B2469CF3C003C8672 /* Track.swift */; };
		B209E56F2469CF85003C8672 /* LiveViewController.swift in Sources */ = {isa = PBXBuildFile; fileRef = B209E56E2469CF85003C8672 /* LiveViewController.swift */; };
		B23D74712469D60800F22B24 /* BroadcastsViewController.swift in Sources */ = {isa = PBXBuildFile; fileRef = B23D74702469D60800F22B24 /* BroadcastsViewController.swift */; };
		B2C450902469CDBB000AB7AE /* AppDelegate.swift in Sources */ = {isa = PBXBuildFile; fileRef = B2C4508F2469CDBB000AB7AE /* AppDelegate.swift */; };
		B2C450922469CDBB000AB7AE /* SceneDelegate.swift in Sources */ = {isa = PBXBuildFile; fileRef = B2C450912469CDBB000AB7AE /* SceneDelegate.swift */; };
		B2C450942469CDBB000AB7AE /* ViewController.swift in Sources */ = {isa = PBXBuildFile; fileRef = B2C450932469CDBB000AB7AE /* ViewController.swift */; };
		B2C450972469CDBB000AB7AE /* Main.storyboard in Resources */ = {isa = PBXBuildFile; fileRef = B2C450952469CDBB000AB7AE /* Main.storyboard */; };
		B2C450992469CDBC000AB7AE /* Assets.xcassets in Resources */ = {isa = PBXBuildFile; fileRef = B2C450982469CDBC000AB7AE /* Assets.xcassets */; };
		B2C4509C2469CDBC000AB7AE /* LaunchScreen.storyboard in Resources */ = {isa = PBXBuildFile; fileRef = B2C4509A2469CDBC000AB7AE /* LaunchScreen.storyboard */; };
		B2CCD1BB2469EAFD00387D50 /* FRadioPlayer in Frameworks */ = {isa = PBXBuildFile; productRef = B2CCD1BA2469EAFD00387D50 /* FRadioPlayer */; };
		C3A1E07CD413C758EF79E9CE /* Pods_RadioRasclat.framework in Frameworks */ = {isa = PBXBuildFile; fileRef = 74E19F385973D6CE0BA72727 /* Pods_RadioRasclat.framework */; };
/* End PBXBuildFile section */

/* Begin PBXFileReference section */
		3D6886BC0C249B4D468248A1 /* Pods-RadioRasclat.release.xcconfig */ = {isa = PBXFileReference; includeInIndex = 1; lastKnownFileType = text.xcconfig; name = "Pods-RadioRasclat.release.xcconfig"; path = "Target Support Files/Pods-RadioRasclat/Pods-RadioRasclat.release.xcconfig"; sourceTree = "<group>"; };
		74E19F385973D6CE0BA72727 /* Pods_RadioRasclat.framework */ = {isa = PBXFileReference; explicitFileType = wrapper.framework; includeInIndex = 0; path = Pods_RadioRasclat.framework; sourceTree = BUILT_PRODUCTS_DIR; };
		B209E56B2469CF3C003C8672 /* Track.swift */ = {isa = PBXFileReference; lastKnownFileType = sourcecode.swift; path = Track.swift; sourceTree = "<group>"; };
		B209E56E2469CF85003C8672 /* LiveViewController.swift */ = {isa = PBXFileReference; lastKnownFileType = sourcecode.swift; path = LiveViewController.swift; sourceTree = "<group>"; };
		B23D746F2469D1DA00F22B24 /* Radio Rasclat.entitlements */ = {isa = PBXFileReference; lastKnownFileType = text.plist.entitlements; path = "Radio Rasclat.entitlements"; sourceTree = "<group>"; };
		B23D74702469D60800F22B24 /* BroadcastsViewController.swift */ = {isa = PBXFileReference; lastKnownFileType = sourcecode.swift; path = BroadcastsViewController.swift; sourceTree = "<group>"; };
		B2C4508C2469CDBB000AB7AE /* Radio Rasclat.app */ = {isa = PBXFileReference; explicitFileType = wrapper.application; includeInIndex = 0; path = "Radio Rasclat.app"; sourceTree = BUILT_PRODUCTS_DIR; };
		B2C4508F2469CDBB000AB7AE /* AppDelegate.swift */ = {isa = PBXFileReference; lastKnownFileType = sourcecode.swift; path = AppDelegate.swift; sourceTree = "<group>"; };
		B2C450912469CDBB000AB7AE /* SceneDelegate.swift */ = {isa = PBXFileReference; lastKnownFileType = sourcecode.swift; path = SceneDelegate.swift; sourceTree = "<group>"; };
		B2C450932469CDBB000AB7AE /* ViewController.swift */ = {isa = PBXFileReference; lastKnownFileType = sourcecode.swift; path = ViewController.swift; sourceTree = "<group>"; };
		B2C450962469CDBB000AB7AE /* Base */ = {isa = PBXFileReference; lastKnownFileType = file.storyboard; name = Base; path = Base.lproj/Main.storyboard; sourceTree = "<group>"; };
		B2C450982469CDBC000AB7AE /* Assets.xcassets */ = {isa = PBXFileReference; lastKnownFileType = folder.assetcatalog; path = Assets.xcassets; sourceTree = "<group>"; };
		B2C4509B2469CDBC000AB7AE /* Base */ = {isa = PBXFileReference; lastKnownFileType = file.storyboard; name = Base; path = Base.lproj/LaunchScreen.storyboard; sourceTree = "<group>"; };
		B2C4509D2469CDBC000AB7AE /* Info.plist */ = {isa = PBXFileReference; lastKnownFileType = text.plist.xml; path = Info.plist; sourceTree = "<group>"; };
		E9CAC34CE2974CAFC25A81C9 /* Pods-RadioRasclat.debug.xcconfig */ = {isa = PBXFileReference; includeInIndex = 1; lastKnownFileType = text.xcconfig; name = "Pods-RadioRasclat.debug.xcconfig"; path = "Target Support Files/Pods-RadioRasclat/Pods-RadioRasclat.debug.xcconfig"; sourceTree = "<group>"; };
/* End PBXFileReference section */

/* Begin PBXFrameworksBuildPhase section */
		B2C450892469CDBB000AB7AE /* Frameworks */ = {
			isa = PBXFrameworksBuildPhase;
			buildActionMask = 2147483647;
			files = (
				B2CCD1BB2469EAFD00387D50 /* FRadioPlayer in Frameworks */,
				C3A1E07CD413C758EF79E9CE /* Pods_RadioRasclat.framework in Frameworks */,
			);
			runOnlyForDeploymentPostprocessing = 0;
		};
/* End PBXFrameworksBuildPhase section */

/* Begin PBXGroup section */
		05C8E162E200FB81C20AEAFC /* Pods */ = {
			isa = PBXGroup;
			children = (
				E9CAC34CE2974CAFC25A81C9 /* Pods-RadioRasclat.debug.xcconfig */,
				3D6886BC0C249B4D468248A1 /* Pods-RadioRasclat.release.xcconfig */,
			);
			path = Pods;
			sourceTree = "<group>";
		};
		B209E56A2469CF2B003C8672 /* Models */ = {
			isa = PBXGroup;
			children = (
				B209E56B2469CF3C003C8672 /* Track.swift */,
			);
			path = Models;
			sourceTree = "<group>";
		};
		B209E56D2469CF72003C8672 /* Views */ = {
			isa = PBXGroup;
			children = (
				B209E56E2469CF85003C8672 /* LiveViewController.swift */,
				B23D74702469D60800F22B24 /* BroadcastsViewController.swift */,
			);
			path = Views;
			sourceTree = "<group>";
		};
		B27A672F4825801320165B54 /* Frameworks */ = {
			isa = PBXGroup;
			children = (
				74E19F385973D6CE0BA72727 /* Pods_RadioRasclat.framework */,
			);
			name = Frameworks;
			sourceTree = "<group>";
		};
		B2C450832469CDBB000AB7AE = {
			isa = PBXGroup;
			children = (
				B2C4508E2469CDBB000AB7AE /* RadioRasclat */,
				B2C4508D2469CDBB000AB7AE /* Products */,
				05C8E162E200FB81C20AEAFC /* Pods */,
				B27A672F4825801320165B54 /* Frameworks */,
			);
			sourceTree = "<group>";
		};
		B2C4508D2469CDBB000AB7AE /* Products */ = {
			isa = PBXGroup;
			children = (
				B2C4508C2469CDBB000AB7AE /* Radio Rasclat.app */,
			);
			name = Products;
			sourceTree = "<group>";
		};
		B2C4508E2469CDBB000AB7AE /* RadioRasclat */ = {
			isa = PBXGroup;
			children = (
				B23D746F2469D1DA00F22B24 /* Radio Rasclat.entitlements */,
				B209E56D2469CF72003C8672 /* Views */,
				B209E56A2469CF2B003C8672 /* Models */,
				B2C4508F2469CDBB000AB7AE /* AppDelegate.swift */,
				B2C450912469CDBB000AB7AE /* SceneDelegate.swift */,
				B2C450932469CDBB000AB7AE /* ViewController.swift */,
				B2C450952469CDBB000AB7AE /* Main.storyboard */,
				B2C450982469CDBC000AB7AE /* Assets.xcassets */,
				B2C4509A2469CDBC000AB7AE /* LaunchScreen.storyboard */,
				B2C4509D2469CDBC000AB7AE /* Info.plist */,
			);
			path = RadioRasclat;
			sourceTree = "<group>";
		};
/* End PBXGroup section */

/* Begin PBXNativeTarget section */
		B2C4508B2469CDBB000AB7AE /* RadioRasclat */ = {
			isa = PBXNativeTarget;
			buildConfigurationList = B2C450A02469CDBC000AB7AE /* Build configuration list for PBXNativeTarget "RadioRasclat" */;
			buildPhases = (
				20D1188B0FFBC5D79B01A8F4 /* [CP] Check Pods Manifest.lock */,
				B2C450882469CDBB000AB7AE /* Sources */,
				B2C450892469CDBB000AB7AE /* Frameworks */,
				B2C4508A2469CDBB000AB7AE /* Resources */,
			);
			buildRules = (
			);
			dependencies = (
			);
			name = RadioRasclat;
			packageProductDependencies = (
				B2CCD1BA2469EAFD00387D50 /* FRadioPlayer */,
			);
			productName = RadioRasclat;
			productReference = B2C4508C2469CDBB000AB7AE /* Radio Rasclat.app */;
			productType = "com.apple.product-type.application";
		};
/* End PBXNativeTarget section */

/* Begin PBXProject section */
		B2C450842469CDBB000AB7AE /* Project object */ = {
			isa = PBXProject;
			attributes = {
				LastSwiftUpdateCheck = 1140;
				LastUpgradeCheck = 1140;
				ORGANIZATIONNAME = "Domenik Toefflinger";
				TargetAttributes = {
					B2C4508B2469CDBB000AB7AE = {
						CreatedOnToolsVersion = 11.4.1;
					};
				};
			};
			buildConfigurationList = B2C450872469CDBB000AB7AE /* Build configuration list for PBXProject "RadioRasclat" */;
			compatibilityVersion = "Xcode 9.3";
			developmentRegion = en;
			hasScannedForEncodings = 0;
			knownRegions = (
				en,
				Base,
			);
			mainGroup = B2C450832469CDBB000AB7AE;
			packageReferences = (
				B2CCD1B92469EAFD00387D50 /* XCRemoteSwiftPackageReference "FRadioPlayer" */,
			);
			productRefGroup = B2C4508D2469CDBB000AB7AE /* Products */;
			projectDirPath = "";
			projectRoot = "";
			targets = (
				B2C4508B2469CDBB000AB7AE /* RadioRasclat */,
			);
		};
/* End PBXProject section */

/* Begin PBXResourcesBuildPhase section */
		B2C4508A2469CDBB000AB7AE /* Resources */ = {
			isa = PBXResourcesBuildPhase;
			buildActionMask = 2147483647;
			files = (
				B2C4509C2469CDBC000AB7AE /* LaunchScreen.storyboard in Resources */,
				B2C450992469CDBC000AB7AE /* Assets.xcassets in Resources */,
				B2C450972469CDBB000AB7AE /* Main.storyboard in Resources */,
			);
			runOnlyForDeploymentPostprocessing = 0;
		};
/* End PBXResourcesBuildPhase section */

/* Begin PBXShellScriptBuildPhase section */
		20D1188B0FFBC5D79B01A8F4 /* [CP] Check Pods Manifest.lock */ = {
			isa = PBXShellScriptBuildPhase;
			buildActionMask = 2147483647;
			files = (
			);
			inputFileListPaths = (
			);
			inputPaths = (
				"${PODS_PODFILE_DIR_PATH}/Podfile.lock",
				"${PODS_ROOT}/Manifest.lock",
			);
			name = "[CP] Check Pods Manifest.lock";
			outputFileListPaths = (
			);
			outputPaths = (
				"$(DERIVED_FILE_DIR)/Pods-RadioRasclat-checkManifestLockResult.txt",
			);
			runOnlyForDeploymentPostprocessing = 0;
			shellPath = /bin/sh;
			shellScript = "diff \"${PODS_PODFILE_DIR_PATH}/Podfile.lock\" \"${PODS_ROOT}/Manifest.lock\" > /dev/null\nif [ $? != 0 ] ; then\n    # print error to STDERR\n    echo \"error: The sandbox is not in sync with the Podfile.lock. Run 'pod install' or update your CocoaPods installation.\" >&2\n    exit 1\nfi\n# This output is used by Xcode 'outputs' to avoid re-running this script phase.\necho \"SUCCESS\" > \"${SCRIPT_OUTPUT_FILE_0}\"\n";
			showEnvVarsInLog = 0;
		};
/* End PBXShellScriptBuildPhase section */

/* Begin PBXSourcesBuildPhase section */
		B2C450882469CDBB000AB7AE /* Sources */ = {
			isa = PBXSourcesBuildPhase;
			buildActionMask = 2147483647;
			files = (
				B2C450942469CDBB000AB7AE /* ViewController.swift in Sources */,
				B2C450902469CDBB000AB7AE /* AppDelegate.swift in Sources */,
				B23D74712469D60800F22B24 /* BroadcastsViewController.swift in Sources */,
				B2C450922469CDBB000AB7AE /* SceneDelegate.swift in Sources */,
				B209E56C2469CF3C003C8672 /* Track.swift in Sources */,
				B209E56F2469CF85003C8672 /* LiveViewController.swift in Sources */,
			);
			runOnlyForDeploymentPostprocessing = 0;
		};
/* End PBXSourcesBuildPhase section */

/* Begin PBXVariantGroup section */
		B2C450952469CDBB000AB7AE /* Main.storyboard */ = {
			isa = PBXVariantGroup;
			children = (
				B2C450962469CDBB000AB7AE /* Base */,
			);
			name = Main.storyboard;
			sourceTree = "<group>";
		};
		B2C4509A2469CDBC000AB7AE /* LaunchScreen.storyboard */ = {
			isa = PBXVariantGroup;
			children = (
				B2C4509B2469CDBC000AB7AE /* Base */,
			);
			name = LaunchScreen.storyboard;
			sourceTree = "<group>";
		};
/* End PBXVariantGroup section */

/* Begin XCBuildConfiguration section */
		B2C4509E2469CDBC000AB7AE /* Debug */ = {
			isa = XCBuildConfiguration;
			buildSettings = {
				ALWAYS_SEARCH_USER_PATHS = NO;
				CLANG_ANALYZER_NONNULL = YES;
				CLANG_ANALYZER_NUMBER_OBJECT_CONVERSION = YES_AGGRESSIVE;
				CLANG_CXX_LANGUAGE_STANDARD = "gnu++14";
				CLANG_CXX_LIBRARY = "libc++";
				CLANG_ENABLE_MODULES = YES;
				CLANG_ENABLE_OBJC_ARC = YES;
				CLANG_ENABLE_OBJC_WEAK = YES;
				CLANG_WARN_BLOCK_CAPTURE_AUTORELEASING = YES;
				CLANG_WARN_BOOL_CONVERSION = YES;
				CLANG_WARN_COMMA = YES;
				CLANG_WARN_CONSTANT_CONVERSION = YES;
				CLANG_WARN_DEPRECATED_OBJC_IMPLEMENTATIONS = YES;
				CLANG_WARN_DIRECT_OBJC_ISA_USAGE = YES_ERROR;
				CLANG_WARN_DOCUMENTATION_COMMENTS = YES;
				CLANG_WARN_EMPTY_BODY = YES;
				CLANG_WARN_ENUM_CONVERSION = YES;
				CLANG_WARN_INFINITE_RECURSION = YES;
				CLANG_WARN_INT_CONVERSION = YES;
				CLANG_WARN_NON_LITERAL_NULL_CONVERSION = YES;
				CLANG_WARN_OBJC_IMPLICIT_RETAIN_SELF = YES;
				CLANG_WARN_OBJC_LITERAL_CONVERSION = YES;
				CLANG_WARN_OBJC_ROOT_CLASS = YES_ERROR;
				CLANG_WARN_RANGE_LOOP_ANALYSIS = YES;
				CLANG_WARN_STRICT_PROTOTYPES = YES;
				CLANG_WARN_SUSPICIOUS_MOVE = YES;
				CLANG_WARN_UNGUARDED_AVAILABILITY = YES_AGGRESSIVE;
				CLANG_WARN_UNREACHABLE_CODE = YES;
				CLANG_WARN__DUPLICATE_METHOD_MATCH = YES;
				COPY_PHASE_STRIP = NO;
				DEBUG_INFORMATION_FORMAT = dwarf;
				ENABLE_STRICT_OBJC_MSGSEND = YES;
				ENABLE_TESTABILITY = YES;
				GCC_C_LANGUAGE_STANDARD = gnu11;
				GCC_DYNAMIC_NO_PIC = NO;
				GCC_NO_COMMON_BLOCKS = YES;
				GCC_OPTIMIZATION_LEVEL = 0;
				GCC_PREPROCESSOR_DEFINITIONS = (
					"DEBUG=1",
					"$(inherited)",
				);
				GCC_WARN_64_TO_32_BIT_CONVERSION = YES;
				GCC_WARN_ABOUT_RETURN_TYPE = YES_ERROR;
				GCC_WARN_UNDECLARED_SELECTOR = YES;
				GCC_WARN_UNINITIALIZED_AUTOS = YES_AGGRESSIVE;
				GCC_WARN_UNUSED_FUNCTION = YES;
				GCC_WARN_UNUSED_VARIABLE = YES;
				IPHONEOS_DEPLOYMENT_TARGET = 13.4;
				MTL_ENABLE_DEBUG_INFO = INCLUDE_SOURCE;
				MTL_FAST_MATH = YES;
				ONLY_ACTIVE_ARCH = YES;
				SDKROOT = iphoneos;
				SWIFT_ACTIVE_COMPILATION_CONDITIONS = DEBUG;
				SWIFT_OPTIMIZATION_LEVEL = "-Onone";
			};
			name = Debug;
		};
		B2C4509F2469CDBC000AB7AE /* Release */ = {
			isa = XCBuildConfiguration;
			buildSettings = {
				ALWAYS_SEARCH_USER_PATHS = NO;
				CLANG_ANALYZER_NONNULL = YES;
				CLANG_ANALYZER_NUMBER_OBJECT_CONVERSION = YES_AGGRESSIVE;
				CLANG_CXX_LANGUAGE_STANDARD = "gnu++14";
				CLANG_CXX_LIBRARY = "libc++";
				CLANG_ENABLE_MODULES = YES;
				CLANG_ENABLE_OBJC_ARC = YES;
				CLANG_ENABLE_OBJC_WEAK = YES;
				CLANG_WARN_BLOCK_CAPTURE_AUTORELEASING = YES;
				CLANG_WARN_BOOL_CONVERSION = YES;
				CLANG_WARN_COMMA = YES;
				CLANG_WARN_CONSTANT_CONVERSION = YES;
				CLANG_WARN_DEPRECATED_OBJC_IMPLEMENTATIONS = YES;
				CLANG_WARN_DIRECT_OBJC_ISA_USAGE = YES_ERROR;
				CLANG_WARN_DOCUMENTATION_COMMENTS = YES;
				CLANG_WARN_EMPTY_BODY = YES;
				CLANG_WARN_ENUM_CONVERSION = YES;
				CLANG_WARN_INFINITE_RECURSION = YES;
				CLANG_WARN_INT_CONVERSION = YES;
				CLANG_WARN_NON_LITERAL_NULL_CONVERSION = YES;
				CLANG_WARN_OBJC_IMPLICIT_RETAIN_SELF = YES;
				CLANG_WARN_OBJC_LITERAL_CONVERSION = YES;
				CLANG_WARN_OBJC_ROOT_CLASS = YES_ERROR;
				CLANG_WARN_RANGE_LOOP_ANALYSIS = YES;
				CLANG_WARN_STRICT_PROTOTYPES = YES;
				CLANG_WARN_SUSPICIOUS_MOVE = YES;
				CLANG_WARN_UNGUARDED_AVAILABILITY = YES_AGGRESSIVE;
				CLANG_WARN_UNREACHABLE_CODE = YES;
				CLANG_WARN__DUPLICATE_METHOD_MATCH = YES;
				COPY_PHASE_STRIP = NO;
				DEBUG_INFORMATION_FORMAT = "dwarf-with-dsym";
				ENABLE_NS_ASSERTIONS = NO;
				ENABLE_STRICT_OBJC_MSGSEND = YES;
				GCC_C_LANGUAGE_STANDARD = gnu11;
				GCC_NO_COMMON_BLOCKS = YES;
				GCC_WARN_64_TO_32_BIT_CONVERSION = YES;
				GCC_WARN_ABOUT_RETURN_TYPE = YES_ERROR;
				GCC_WARN_UNDECLARED_SELECTOR = YES;
				GCC_WARN_UNINITIALIZED_AUTOS = YES_AGGRESSIVE;
				GCC_WARN_UNUSED_FUNCTION = YES;
				GCC_WARN_UNUSED_VARIABLE = YES;
				IPHONEOS_DEPLOYMENT_TARGET = 13.4;
				MTL_ENABLE_DEBUG_INFO = NO;
				MTL_FAST_MATH = YES;
				SDKROOT = iphoneos;
				SWIFT_COMPILATION_MODE = wholemodule;
				SWIFT_OPTIMIZATION_LEVEL = "-O";
				VALIDATE_PRODUCT = YES;
			};
			name = Release;
		};
		B2C450A12469CDBC000AB7AE /* Debug */ = {
			isa = XCBuildConfiguration;
			baseConfigurationReference = E9CAC34CE2974CAFC25A81C9 /* Pods-RadioRasclat.debug.xcconfig */;
			buildSettings = {
				ASSETCATALOG_COMPILER_APPICON_NAME = AppIcon;
				CODE_SIGN_ENTITLEMENTS = "RadioRasclat/Radio Rasclat.entitlements";
				CODE_SIGN_STYLE = Automatic;
				DEVELOPMENT_TEAM = 9WTRWY5M2A;
				INFOPLIST_FILE = RadioRasclat/Info.plist;
				LD_RUNPATH_SEARCH_PATHS = (
					"$(inherited)",
					"@executable_path/Frameworks",
				);
				PRODUCT_BUNDLE_IDENTIFIER = com.dmnktoe.RadioRasclat;
				PRODUCT_NAME = "Radio Rasclat";
				SWIFT_VERSION = 5.0;
				TARGETED_DEVICE_FAMILY = "1,2";
			};
			name = Debug;
		};
		B2C450A22469CDBC000AB7AE /* Release */ = {
			isa = XCBuildConfiguration;
			baseConfigurationReference = 3D6886BC0C249B4D468248A1 /* Pods-RadioRasclat.release.xcconfig */;
			buildSettings = {
				ASSETCATALOG_COMPILER_APPICON_NAME = AppIcon;
				CODE_SIGN_ENTITLEMENTS = "RadioRasclat/Radio Rasclat.entitlements";
				CODE_SIGN_STYLE = Automatic;
				DEVELOPMENT_TEAM = 9WTRWY5M2A;
				INFOPLIST_FILE = RadioRasclat/Info.plist;
				LD_RUNPATH_SEARCH_PATHS = (
					"$(inherited)",
					"@executable_path/Frameworks",
				);
				PRODUCT_BUNDLE_IDENTIFIER = com.dmnktoe.RadioRasclat;
				PRODUCT_NAME = "Radio Rasclat";
				SWIFT_VERSION = 5.0;
				TARGETED_DEVICE_FAMILY = "1,2";
			};
			name = Release;
		};
/* End XCBuildConfiguration section */

/* Begin XCConfigurationList section */
		B2C450872469CDBB000AB7AE /* Build configuration list for PBXProject "RadioRasclat" */ = {
			isa = XCConfigurationList;
			buildConfigurations = (
				B2C4509E2469CDBC000AB7AE /* Debug */,
				B2C4509F2469CDBC000AB7AE /* Release */,
			);
			defaultConfigurationIsVisible = 0;
			defaultConfigurationName = Release;
		};
		B2C450A02469CDBC000AB7AE /* Build configuration list for PBXNativeTarget "RadioRasclat" */ = {
			isa = XCConfigurationList;
			buildConfigurations = (
				B2C450A12469CDBC000AB7AE /* Debug */,
				B2C450A22469CDBC000AB7AE /* Release */,
			);
			defaultConfigurationIsVisible = 0;
			defaultConfigurationName = Release;
		};
/* End XCConfigurationList section */

/* Begin XCRemoteSwiftPackageReference section */
		B2CCD1B92469EAFD00387D50 /* XCRemoteSwiftPackageReference "FRadioPlayer" */ = {
			isa = XCRemoteSwiftPackageReference;
			repositoryURL = "https://github.com/fethica/FRadioPlayer.git";
			requirement = {
				kind = exactVersion;
				version = 0.1.20;
			};
		};
/* End XCRemoteSwiftPackageReference section */

/* Begin XCSwiftPackageProductDependency section */
		B2CCD1BA2469EAFD00387D50 /* FRadioPlayer */ = {
			isa = XCSwiftPackageProductDependency;
			package = B2CCD1B92469EAFD00387D50 /* XCRemoteSwiftPackageReference "FRadioPlayer" */;
			productName = FRadioPlayer;
		};
/* End XCSwiftPackageProductDependency section */
	};
	rootObject = B2C450842469CDBB000AB7AE /* Project object */;
}
