{
  "object": {
    "pins": [
      {
        "package": "FRadioPlayer",
        "repositoryURL": "https://github.com/fethica/FRadioPlayer.git",
        "state": {
          "branch": null,
          "revision": "c274d091d5dc22c26829a38918bd3ce9a8a74791",
          "version": "0.1.20"
        }
      },
      {
        "package": "URLImage",
        "repositoryURL": "https://github.com/dmytro-anokhin/url-image.git",
        "state": {
          "branch": null,
          "revision": "5d3a5dc84f9bdf948d8b136f7a1b0099af68f114",
          "version": null
        }
      }
    ]
  },
  "version": 1
}
