{
  "object": {
    "pins": [
      {
        "package": "FRadioPlayer",
        "repositoryURL": "https://github.com/fethica/FRadioPlayer.git",
        "state": {
          "branch": null,
          "revision": "c274d091d5dc22c26829a38918bd3ce9a8a74791",
          "version": "0.1.20"
        }
      }
    ]
  },
  "version": 1
}
